// !$*UTF8*$!
{
	archiveVersion = 1;
	classes = {
	};
	objectVersion = 46;
	objects = {

/* Begin PBXBuildFile section */
		7C3CAE181A2E674200FDFE9E /* EmbeddedFrameworksContainer.h in Headers */ = {isa = PBXBuildFile; fileRef = 7C3CAE171A2E674200FDFE9E /* EmbeddedFrameworksContainer.h */; settings = {ATTRIBUTES = (Public, ); }; };
		7C3CAE1E1A2E674300FDFE9E /* EmbeddedFrameworksContainer.framework in Frameworks */ = {isa = PBXBuildFile; fileRef = 7C3CAE121A2E674200FDFE9E /* EmbeddedFrameworksContainer.framework */; };
		7C3CAE251A2E674300FDFE9E /* EmbeddedFrameworksContainerTests.swift in Sources */ = {isa = PBXBuildFile; fileRef = 7C3CAE241A2E674300FDFE9E /* EmbeddedFrameworksContainerTests.swift */; };
		7C3CAE2F1A2E675300FDFE9E /* Cartfile in Resources */ = {isa = PBXBuildFile; fileRef = 7C3CAE2E1A2E675300FDFE9E /* Cartfile */; };
/* End PBXBuildFile section */

/* Begin PBXContainerItemProxy section */
		7C3CAE1F1A2E674300FDFE9E /* PBXContainerItemProxy */ = {
			isa = PBXContainerItemProxy;
			containerPortal = 7C3CAE091A2E674200FDFE9E /* Project object */;
			proxyType = 1;
			remoteGlobalIDString = 7C3CAE111A2E674200FDFE9E;
			remoteInfo = EmbeddedFrameworksContainer;
		};
/* End PBXContainerItemProxy section */

/* Begin PBXFileReference section */
		7C3CAE121A2E674200FDFE9E /* EmbeddedFrameworksContainer.framework */ = {isa = PBXFileReference; explicitFileType = wrapper.framework; includeInIndex = 0; path = EmbeddedFrameworksContainer.framework; sourceTree = BUILT_PRODUCTS_DIR; };
		7C3CAE161A2E674200FDFE9E /* Info.plist */ = {isa = PBXFileReference; lastKnownFileType = text.plist.xml; path = Info.plist; sourceTree = "<group>"; };
		7C3CAE171A2E674200FDFE9E /* EmbeddedFrameworksContainer.h */ = {isa = PBXFileReference; lastKnownFileType = sourcecode.c.h; path = EmbeddedFrameworksContainer.h; sourceTree = "<group>"; };
		7C3CAE1D1A2E674300FDFE9E /* EmbeddedFrameworksContainerTests.xctest */ = {isa = PBXFileReference; explicitFileType = wrapper.cfbundle; includeInIndex = 0; path = EmbeddedFrameworksContainerTests.xctest; sourceTree = BUILT_PRODUCTS_DIR; };
		7C3CAE231A2E674300FDFE9E /* Info.plist */ = {isa = PBXFileReference; lastKnownFileType = text.plist.xml; path = Info.plist; sourceTree = "<group>"; };
		7C3CAE241A2E674300FDFE9E /* EmbeddedFrameworksContainerTests.swift */ = {isa = PBXFileReference; lastKnownFileType = sourcecode.swift; path = EmbeddedFrameworksContainerTests.swift; sourceTree = "<group>"; };
		7C3CAE2E1A2E675300FDFE9E /* Cartfile */ = {isa = PBXFileReference; fileEncoding = 4; lastKnownFileType = text; name = Cartfile; path = ../Cartfile; sourceTree = "<group>"; };
/* End PBXFileReference section */

/* Begin PBXFrameworksBuildPhase section */
		7C3CAE0E1A2E674200FDFE9E /* Frameworks */ = {
			isa = PBXFrameworksBuildPhase;
			buildActionMask = 2147483647;
			files = (
			);
			runOnlyForDeploymentPostprocessing = 0;
		};
		7C3CAE1A1A2E674300FDFE9E /* Frameworks */ = {
			isa = PBXFrameworksBuildPhase;
			buildActionMask = 2147483647;
			files = (
				7C3CAE1E1A2E674300FDFE9E /* EmbeddedFrameworksContainer.framework in Frameworks */,
			);
			runOnlyForDeploymentPostprocessing = 0;
		};
/* End PBXFrameworksBuildPhase section */

/* Begin PBXGroup section */
		7C3CAE081A2E674200FDFE9E = {
			isa = PBXGroup;
			children = (
				7C3CAE141A2E674200FDFE9E /* EmbeddedFrameworksContainer */,
				7C3CAE211A2E674300FDFE9E /* EmbeddedFrameworksContainerTests */,
				7C3CAE131A2E674200FDFE9E /* Products */,
			);
			sourceTree = "<group>";
		};
		7C3CAE131A2E674200FDFE9E /* Products */ = {
			isa = PBXGroup;
			children = (
				7C3CAE121A2E674200FDFE9E /* EmbeddedFrameworksContainer.framework */,
				7C3CAE1D1A2E674300FDFE9E /* EmbeddedFrameworksContainerTests.xctest */,
			);
			name = Products;
			sourceTree = "<group>";
		};
		7C3CAE141A2E674200FDFE9E /* EmbeddedFrameworksContainer */ = {
			isa = PBXGroup;
			children = (
				7C3CAE171A2E674200FDFE9E /* EmbeddedFrameworksContainer.h */,
				7C3CAE151A2E674200FDFE9E /* Supporting Files */,
			);
			path = EmbeddedFrameworksContainer;
			sourceTree = "<group>";
		};
		7C3CAE151A2E674200FDFE9E /* Supporting Files */ = {
			isa = PBXGroup;
			children = (
				7C3CAE2E1A2E675300FDFE9E /* Cartfile */,
				7C3CAE161A2E674200FDFE9E /* Info.plist */,
			);
			name = "Supporting Files";
			sourceTree = "<group>";
		};
		7C3CAE211A2E674300FDFE9E /* EmbeddedFrameworksContainerTests */ = {
			isa = PBXGroup;
			children = (
				7C3CAE241A2E674300FDFE9E /* EmbeddedFrameworksContainerTests.swift */,
				7C3CAE221A2E674300FDFE9E /* Supporting Files */,
			);
			path = EmbeddedFrameworksContainerTests;
			sourceTree = "<group>";
		};
		7C3CAE221A2E674300FDFE9E /* Supporting Files */ = {
			isa = PBXGroup;
			children = (
				7C3CAE231A2E674300FDFE9E /* Info.plist */,
			);
			name = "Supporting Files";
			sourceTree = "<group>";
		};
/* End PBXGroup section */

/* Begin PBXHeadersBuildPhase section */
		7C3CAE0F1A2E674200FDFE9E /* Headers */ = {
			isa = PBXHeadersBuildPhase;
			buildActionMask = 2147483647;
			files = (
				7C3CAE181A2E674200FDFE9E /* EmbeddedFrameworksContainer.h in Headers */,
			);
			runOnlyForDeploymentPostprocessing = 0;
		};
/* End PBXHeadersBuildPhase section */

/* Begin PBXNativeTarget section */
		7C3CAE111A2E674200FDFE9E /* EmbeddedFrameworksContainer */ = {
			isa = PBXNativeTarget;
			buildConfigurationList = 7C3CAE281A2E674300FDFE9E /* Build configuration list for PBXNativeTarget "EmbeddedFrameworksContainer" */;
			buildPhases = (
				7C3CAE0D1A2E674200FDFE9E /* Sources */,
				7C3CAE0E1A2E674200FDFE9E /* Frameworks */,
				7C3CAE0F1A2E674200FDFE9E /* Headers */,
				7C3CAE101A2E674200FDFE9E /* Resources */,
			);
			buildRules = (
			);
			dependencies = (
			);
			name = EmbeddedFrameworksContainer;
			productName = EmbeddedFrameworksContainer;
			productReference = 7C3CAE121A2E674200FDFE9E /* EmbeddedFrameworksContainer.framework */;
			productType = "com.apple.product-type.framework";
		};
		7C3CAE1C1A2E674300FDFE9E /* EmbeddedFrameworksContainerTests */ = {
			isa = PBXNativeTarget;
			buildConfigurationList = 7C3CAE2B1A2E674300FDFE9E /* Build configuration list for PBXNativeTarget "EmbeddedFrameworksContainerTests" */;
			buildPhases = (
				7C3CAE191A2E674300FDFE9E /* Sources */,
				7C3CAE1A1A2E674300FDFE9E /* Frameworks */,
				7C3CAE1B1A2E674300FDFE9E /* Resources */,
			);
			buildRules = (
			);
			dependencies = (
				7C3CAE201A2E674300FDFE9E /* PBXTargetDependency */,
			);
			name = EmbeddedFrameworksContainerTests;
			productName = EmbeddedFrameworksContainerTests;
			productReference = 7C3CAE1D1A2E674300FDFE9E /* EmbeddedFrameworksContainerTests.xctest */;
			productType = "com.apple.product-type.bundle.unit-test";
		};
/* End PBXNativeTarget section */

/* Begin PBXProject section */
		7C3CAE091A2E674200FDFE9E /* Project object */ = {
			isa = PBXProject;
			attributes = {
				LastUpgradeCheck = 0610;
				ORGANIZATIONNAME = "Justin Makaila";
				TargetAttributes = {
					7C3CAE111A2E674200FDFE9E = {
						CreatedOnToolsVersion = 6.1.1;
					};
					7C3CAE1C1A2E674300FDFE9E = {
						CreatedOnToolsVersion = 6.1.1;
					};
				};
			};
			buildConfigurationList = 7C3CAE0C1A2E674200FDFE9E /* Build configuration list for PBXProject "EmbeddedFrameworksContainer" */;
			compatibilityVersion = "Xcode 3.2";
			developmentRegion = English;
			hasScannedForEncodings = 0;
			knownRegions = (
				en,
			);
			mainGroup = 7C3CAE081A2E674200FDFE9E;
			productRefGroup = 7C3CAE131A2E674200FDFE9E /* Products */;
			projectDirPath = "";
			projectRoot = "";
			targets = (
				7C3CAE111A2E674200FDFE9E /* EmbeddedFrameworksContainer */,
				7C3CAE1C1A2E674300FDFE9E /* EmbeddedFrameworksContainerTests */,
			);
		};
/* End PBXProject section */

/* Begin PBXResourcesBuildPhase section */
		7C3CAE101A2E674200FDFE9E /* Resources */ = {
			isa = PBXResourcesBuildPhase;
			buildActionMask = 2147483647;
			files = (
				7C3CAE2F1A2E675300FDFE9E /* Cartfile in Resources */,
			);
			runOnlyForDeploymentPostprocessing = 0;
		};
		7C3CAE1B1A2E674300FDFE9E /* Resources */ = {
			isa = PBXResourcesBuildPhase;
			buildActionMask = 2147483647;
			files = (
			);
			runOnlyForDeploymentPostprocessing = 0;
		};
/* End PBXResourcesBuildPhase section */

/* Begin PBXSourcesBuildPhase section */
		7C3CAE0D1A2E674200FDFE9E /* Sources */ = {
			isa = PBXSourcesBuildPhase;
			buildActionMask = 2147483647;
			files = (
			);
			runOnlyForDeploymentPostprocessing = 0;
		};
		7C3CAE191A2E674300FDFE9E /* Sources */ = {
			isa = PBXSourcesBuildPhase;
			buildActionMask = 2147483647;
			files = (
				7C3CAE251A2E674300FDFE9E /* EmbeddedFrameworksContainerTests.swift in Sources */,
			);
			runOnlyForDeploymentPostprocessing = 0;
		};
/* End PBXSourcesBuildPhase section */

/* Begin PBXTargetDependency section */
		7C3CAE201A2E674300FDFE9E /* PBXTargetDependency */ = {
			isa = PBXTargetDependency;
			target = 7C3CAE111A2E674200FDFE9E /* EmbeddedFrameworksContainer */;
			targetProxy = 7C3CAE1F1A2E674300FDFE9E /* PBXContainerItemProxy */;
		};
/* End PBXTargetDependency section */

/* Begin XCBuildConfiguration section */
		7C3CAE261A2E674300FDFE9E /* Debug */ = {
			isa = XCBuildConfiguration;
			buildSettings = {
				ALWAYS_SEARCH_USER_PATHS = NO;
				CLANG_CXX_LANGUAGE_STANDARD = "gnu++0x";
				CLANG_CXX_LIBRARY = "libc++";
				CLANG_ENABLE_MODULES = YES;
				CLANG_ENABLE_OBJC_ARC = YES;
				CLANG_WARN_BOOL_CONVERSION = YES;
				CLANG_WARN_CONSTANT_CONVERSION = YES;
				CLANG_WARN_DIRECT_OBJC_ISA_USAGE = YES_ERROR;
				CLANG_WARN_EMPTY_BODY = YES;
				CLANG_WARN_ENUM_CONVERSION = YES;
				CLANG_WARN_INT_CONVERSION = YES;
				CLANG_WARN_OBJC_ROOT_CLASS = YES_ERROR;
				CLANG_WARN_UNREACHABLE_CODE = YES;
				CLANG_WARN__DUPLICATE_METHOD_MATCH = YES;
				"CODE_SIGN_IDENTITY[sdk=iphoneos*]" = "iPhone Developer";
				COPY_PHASE_STRIP = NO;
				CURRENT_PROJECT_VERSION = 1;
				ENABLE_STRICT_OBJC_MSGSEND = YES;
				GCC_C_LANGUAGE_STANDARD = gnu99;
				GCC_DYNAMIC_NO_PIC = NO;
				GCC_OPTIMIZATION_LEVEL = 0;
				GCC_PREPROCESSOR_DEFINITIONS = (
					"DEBUG=1",
					"$(inherited)",
				);
				GCC_SYMBOLS_PRIVATE_EXTERN = NO;
				GCC_WARN_64_TO_32_BIT_CONVERSION = YES;
				GCC_WARN_ABOUT_RETURN_TYPE = YES_ERROR;
				GCC_WARN_UNDECLARED_SELECTOR = YES;
				GCC_WARN_UNINITIALIZED_AUTOS = YES_AGGRESSIVE;
				GCC_WARN_UNUSED_FUNCTION = YES;
				GCC_WARN_UNUSED_VARIABLE = YES;
				IPHONEOS_DEPLOYMENT_TARGET = 8.1;
				MTL_ENABLE_DEBUG_INFO = YES;
				ONLY_ACTIVE_ARCH = YES;
				SDKROOT = iphoneos;
				SWIFT_OPTIMIZATION_LEVEL = "-Onone";
				TARGETED_DEVICE_FAMILY = "1,2";
				VERSIONING_SYSTEM = "apple-generic";
				VERSION_INFO_PREFIX = "";
			};
			name = Debug;
		};
		7C3CAE271A2E674300FDFE9E /* Release */ = {
			isa = XCBuildConfiguration;
			buildSettings = {
				ALWAYS_SEARCH_USER_PATHS = NO;
				CLANG_CXX_LANGUAGE_STANDARD = "gnu++0x";
				CLANG_CXX_LIBRARY = "libc++";
				CLANG_ENABLE_MODULES = YES;
				CLANG_ENABLE_OBJC_ARC = YES;
				CLANG_WARN_BOOL_CONVERSION = YES;
				CLANG_WARN_CONSTANT_CONVERSION = YES;
				CLANG_WARN_DIRECT_OBJC_ISA_USAGE = YES_ERROR;
				CLANG_WARN_EMPTY_BODY = YES;
				CLANG_WARN_ENUM_CONVERSION = YES;
				CLANG_WARN_INT_CONVERSION = YES;
				CLANG_WARN_OBJC_ROOT_CLASS = YES_ERROR;
				CLANG_WARN_UNREACHABLE_CODE = YES;
				CLANG_WARN__DUPLICATE_METHOD_MATCH = YES;
				"CODE_SIGN_IDENTITY[sdk=iphoneos*]" = "iPhone Developer";
				COPY_PHASE_STRIP = YES;
				CURRENT_PROJECT_VERSION = 1;
				ENABLE_NS_ASSERTIONS = NO;
				ENABLE_STRICT_OBJC_MSGSEND = YES;
				GCC_C_LANGUAGE_STANDARD = gnu99;
				GCC_WARN_64_TO_32_BIT_CONVERSION = YES;
				GCC_WARN_ABOUT_RETURN_TYPE = YES_ERROR;
				GCC_WARN_UNDECLARED_SELECTOR = YES;
				GCC_WARN_UNINITIALIZED_AUTOS = YES_AGGRESSIVE;
				GCC_WARN_UNUSED_FUNCTION = YES;
				GCC_WARN_UNUSED_VARIABLE = YES;
				IPHONEOS_DEPLOYMENT_TARGET = 8.1;
				MTL_ENABLE_DEBUG_INFO = NO;
				SDKROOT = iphoneos;
				TARGETED_DEVICE_FAMILY = "1,2";
				VALIDATE_PRODUCT = YES;
				VERSIONING_SYSTEM = "apple-generic";
				VERSION_INFO_PREFIX = "";
			};
			name = Release;
		};
		7C3CAE291A2E674300FDFE9E /* Debug */ = {
			isa = XCBuildConfiguration;
			buildSettings = {
				DEFINES_MODULE = YES;
				DYLIB_COMPATIBILITY_VERSION = 1;
				DYLIB_CURRENT_VERSION = 1;
				DYLIB_INSTALL_NAME_BASE = "@rpath";
				INFOPLIST_FILE = EmbeddedFrameworksContainer/Info.plist;
				INSTALL_PATH = "$(LOCAL_LIBRARY_DIR)/Frameworks";
				LD_RUNPATH_SEARCH_PATHS = "$(inherited) @executable_path/Frameworks @loader_path/Frameworks";
				PRODUCT_NAME = "$(TARGET_NAME)";
				SKIP_INSTALL = YES;
			};
			name = Debug;
		};
		7C3CAE2A1A2E674300FDFE9E /* Release */ = {
			isa = XCBuildConfiguration;
			buildSettings = {
				DEFINES_MODULE = YES;
				DYLIB_COMPATIBILITY_VERSION = 1;
				DYLIB_CURRENT_VERSION = 1;
				DYLIB_INSTALL_NAME_BASE = "@rpath";
				INFOPLIST_FILE = EmbeddedFrameworksContainer/Info.plist;
				INSTALL_PATH = "$(LOCAL_LIBRARY_DIR)/Frameworks";
				LD_RUNPATH_SEARCH_PATHS = "$(inherited) @executable_path/Frameworks @loader_path/Frameworks";
				PRODUCT_NAME = "$(TARGET_NAME)";
				SKIP_INSTALL = YES;
			};
			name = Release;
		};
		7C3CAE2C1A2E674300FDFE9E /* Debug */ = {
			isa = XCBuildConfiguration;
			buildSettings = {
				FRAMEWORK_SEARCH_PATHS = (
					"$(SDKROOT)/Developer/Library/Frameworks",
					"$(inherited)",
				);
				GCC_PREPROCESSOR_DEFINITIONS = (
					"DEBUG=1",
					"$(inherited)",
				);
				INFOPLIST_FILE = EmbeddedFrameworksContainerTests/Info.plist;
				LD_RUNPATH_SEARCH_PATHS = "$(inherited) @executable_path/Frameworks @loader_path/Frameworks";
				PRODUCT_NAME = "$(TARGET_NAME)";
			};
			name = Debug;
		};
		7C3CAE2D1A2E674300FDFE9E /* Release */ = {
			isa = XCBuildConfiguration;
			buildSettings = {
				FRAMEWORK_SEARCH_PATHS = (
					"$(SDKROOT)/Developer/Library/Frameworks",
					"$(inherited)",
				);
				INFOPLIST_FILE = EmbeddedFrameworksContainerTests/Info.plist;
				LD_RUNPATH_SEARCH_PATHS = "$(inherited) @executable_path/Frameworks @loader_path/Frameworks";
				PRODUCT_NAME = "$(TARGET_NAME)";
			};
			name = Release;
		};
/* End XCBuildConfiguration section */

/* Begin XCConfigurationList section */
		7C3CAE0C1A2E674200FDFE9E /* Build configuration list for PBXProject "EmbeddedFrameworksContainer" */ = {
			isa = XCConfigurationList;
			buildConfigurations = (
				7C3CAE261A2E674300FDFE9E /* Debug */,
				7C3CAE271A2E674300FDFE9E /* Release */,
			);
			defaultConfigurationIsVisible = 0;
			defaultConfigurationName = Release;
		};
		7C3CAE281A2E674300FDFE9E /* Build configuration list for PBXNativeTarget "EmbeddedFrameworksContainer" */ = {
			isa = XCConfigurationList;
			buildConfigurations = (
				7C3CAE291A2E674300FDFE9E /* Debug */,
				7C3CAE2A1A2E674300FDFE9E /* Release */,
			);
			defaultConfigurationIsVisible = 0;
		};
		7C3CAE2B1A2E674300FDFE9E /* Build configuration list for PBXNativeTarget "EmbeddedFrameworksContainerTests" */ = {
			isa = XCConfigurationList;
			buildConfigurations = (
				7C3CAE2C1A2E674300FDFE9E /* Debug */,
				7C3CAE2D1A2E674300FDFE9E /* Release */,
			);
			defaultConfigurationIsVisible = 0;
		};
/* End XCConfigurationList section */
	};
	rootObject = 7C3CAE091A2E674200FDFE9E /* Project object */;
}
